
Microsoft Visual Studio Solution File, Format Version 12.00
# Visual Studio Version 17
VisualStudioVersion = 17.1.32228.430
MinimumVisualStudioVersion = 10.0.40219.1
Project("{FAE04EC0-301F-11D3-BF4B-00C04F79EFBC}") = "ToDoAPI", "ToDoAPI.csproj", "{7EC44158-ADD8-4344-B413-33C23914981A}"
EndProject
Global
	GlobalSection(SolutionConfigurationPlatforms) = preSolution
		Debug|Any CPU = Debug|Any CPU
		Release|Any CPU = Release|Any CPU
	EndGlobalSection
	GlobalSection(ProjectConfigurationPlatforms) = postSolution
		{7EC44158-ADD8-4344-B413-33C23914981A}.Debug|Any CPU.ActiveCfg = Debug|Any CPU
		{7EC44158-ADD8-4344-B413-33C23914981A}.Debug|Any CPU.Build.0 = Debug|Any CPU
		{7EC44158-ADD8-4344-B413-33C23914981A}.Release|Any CPU.ActiveCfg = Release|Any CPU
		{7EC44158-ADD8-4344-B413-33C23914981A}.Release|Any CPU.Build.0 = Release|Any CPU
	EndGlobalSection
	GlobalSection(SolutionProperties) = preSolution
		HideSolutionNode = FALSE
	EndGlobalSection
	GlobalSection(ExtensibilityGlobals) = postSolution
		SolutionGuid = {56BA4F49-82EF-4AF8-A905-BBFF54DF6299}
	EndGlobalSection
EndGlobal
